<?xml version="1.0" encoding="utf-8"?>
<Project ToolsVersion="4.0" xmlns="http://schemas.microsoft.com/developer/msbuild/2003">
  <ItemGroup>
    <Filter Include="Source Files">
      <UniqueIdentifier>{f5f0f87a-c6e0-415e-8b59-be87cab37fc8}</UniqueIdentifier>
      <Extensions>cpp;c;cxx;rc;def;r;odl;idl;hpj;bat</Extensions>
    </Filter>
    <Filter Include="Header Files">
      <UniqueIdentifier>{ed65c222-38d8-4b10-a382-03a4c55989eb}</UniqueIdentifier>
      <Extensions>h;hpp;hxx;hm;inl</Extensions>
    </Filter>
    <Filter Include="Resource Files">
      <UniqueIdentifier>{1ebc960c-1bc3-4d50-bddd-5e65c28df2e2}</UniqueIdentifier>
      <Extensions>ico;cur;bmp;dlg;rc2;rct;bin;rgs;gif;jpg;jpeg;jpe</Extensions>
    </Filter>
  </ItemGroup>
  <ItemGroup>
    <ClCompile Include="parser_func.cpp">
      <Filter>Source Files</Filter>
    </ClCompile>
    <ClCompile Include="parser_func_data.cpp">
      <Filter>Source Files</Filter>
    </ClCompile>
    <ClCompile Include="parser_func_memory.cpp">
      <Filter>Source Files</Filter>
    </ClCompile>
    <ClCompile Include="parser_functions.cpp">
      <Filter>Source Files</Filter>
    </ClCompile>
    <ClCompile Include="StdAfx.cpp">
      <Filter>Source Files</Filter>
    </ClCompile>
  </ItemGroup>
  <ItemGroup>
    <ClInclude Include="parser_func.h">
      <Filter>Header Files</Filter>
    </ClInclude>
    <ClInclude Include="parser_func_data.h">
      <Filter>Header Files</Filter>
    </ClInclude>
    <ClInclude Include="parser_func_memory.h">
      <Filter>Header Files</Filter>
    </ClInclude>
    <ClInclude Include="StdAfx.h">
      <Filter>Header Files</Filter>
    </ClInclude>
  </ItemGroup>
  <ItemGroup>
    <Text Include="ReadMe.txt" />
  </ItemGroup>
</Project>